
Microsoft Visual Studio Solution File, Format Version 12.00
# Visual Studio Version 16
VisualStudioVersion = 16.0.30804.86
MinimumVisualStudioVersion = 15.0.26124.0
Project("{9A19103F-16F7-4668-BE54-9A1E7A4F7556}") = "FsTrackLog", "FsTrackLog\FsTrackLog.csproj", "{6F8EC081-1DE1-4398-9145-625D87A3A8A6}"
EndProject
Project("{2150E333-8FDC-42A3-9474-1A3956D46DE8}") = "Solution Items", "Solution Items", "{3FF496F7-5E53-4BAB-A570-301B64531F2D}"
	ProjectSection(SolutionItems) = preProject
		..\README.md = ..\README.md
	EndProjectSection
EndProject
Project("{9A19103F-16F7-4668-BE54-9A1E7A4F7556}") = "CTrue.FsTrackLog.Test", "CTrue.FsTrackLog.Test\CTrue.FsTrackLog.Test.csproj", "{28592B34-85BF-4DF5-BED0-0836B350D726}"
EndProject
Project("{9A19103F-16F7-4668-BE54-9A1E7A4F7556}") = "CTrue.Fs.FlightData.Provider", "CTrue.Fs.FlightDataRecorder\CTrue.Fs.FlightData.Provider.csproj", "{A34075FE-66C1-4BF3-A06C-342D221D1A87}"
EndProject
Project("{9A19103F-16F7-4668-BE54-9A1E7A4F7556}") = "CTrue.Fs.FlightData.Store", "CTrue.Fs.FlightDataStore\CTrue.Fs.FlightData.Store.csproj", "{D2CDA0ED-BDBB-4E19-932E-749FB7D017AD}"
EndProject
Project("{9A19103F-16F7-4668-BE54-9A1E7A4F7556}") = "CTrue.Fs.FlightData.Contracts", "CTrue.FlightData.Contracts\CTrue.Fs.FlightData.Contracts.csproj", "{0F96DC6C-D27D-49AF-B37E-938E7F877239}"
EndProject
Project("{FAE04EC0-301F-11D3-BF4B-00C04F79EFBC}") = "FsTrackLogApp", "FsTrackLogApp\FsTrackLogApp.csproj", "{0B05AFE2-42F2-4B7E-B919-3CD72C7B7960}"
EndProject
Global
	GlobalSection(SolutionConfigurationPlatforms) = preSolution
		Debug|Any CPU = Debug|Any CPU
		Release|Any CPU = Release|Any CPU
	EndGlobalSection
	GlobalSection(ProjectConfigurationPlatforms) = postSolution
		{6F8EC081-1DE1-4398-9145-625D87A3A8A6}.Debug|Any CPU.ActiveCfg = Debug|Any CPU
		{6F8EC081-1DE1-4398-9145-625D87A3A8A6}.Debug|Any CPU.Build.0 = Debug|Any CPU
		{6F8EC081-1DE1-4398-9145-625D87A3A8A6}.Release|Any CPU.ActiveCfg = Release|Any CPU
		{6F8EC081-1DE1-4398-9145-625D87A3A8A6}.Release|Any CPU.Build.0 = Release|Any CPU
		{28592B34-85BF-4DF5-BED0-0836B350D726}.Debug|Any CPU.ActiveCfg = Debug|Any CPU
		{28592B34-85BF-4DF5-BED0-0836B350D726}.Debug|Any CPU.Build.0 = Debug|Any CPU
		{28592B34-85BF-4DF5-BED0-0836B350D726}.Release|Any CPU.ActiveCfg = Release|Any CPU
		{28592B34-85BF-4DF5-BED0-0836B350D726}.Release|Any CPU.Build.0 = Release|Any CPU
		{A34075FE-66C1-4BF3-A06C-342D221D1A87}.Debug|Any CPU.ActiveCfg = Debug|Any CPU
		{A34075FE-66C1-4BF3-A06C-342D221D1A87}.Debug|Any CPU.Build.0 = Debug|Any CPU
		{A34075FE-66C1-4BF3-A06C-342D221D1A87}.Release|Any CPU.ActiveCfg = Release|Any CPU
		{A34075FE-66C1-4BF3-A06C-342D221D1A87}.Release|Any CPU.Build.0 = Release|Any CPU
		{D2CDA0ED-BDBB-4E19-932E-749FB7D017AD}.Debug|Any CPU.ActiveCfg = Debug|Any CPU
		{D2CDA0ED-BDBB-4E19-932E-749FB7D017AD}.Debug|Any CPU.Build.0 = Debug|Any CPU
		{D2CDA0ED-BDBB-4E19-932E-749FB7D017AD}.Release|Any CPU.ActiveCfg = Release|Any CPU
		{D2CDA0ED-BDBB-4E19-932E-749FB7D017AD}.Release|Any CPU.Build.0 = Release|Any CPU
		{0F96DC6C-D27D-49AF-B37E-938E7F877239}.Debug|Any CPU.ActiveCfg = Debug|Any CPU
		{0F96DC6C-D27D-49AF-B37E-938E7F877239}.Debug|Any CPU.Build.0 = Debug|Any CPU
		{0F96DC6C-D27D-49AF-B37E-938E7F877239}.Release|Any CPU.ActiveCfg = Release|Any CPU
		{0F96DC6C-D27D-49AF-B37E-938E7F877239}.Release|Any CPU.Build.0 = Release|Any CPU
		{0B05AFE2-42F2-4B7E-B919-3CD72C7B7960}.Debug|Any CPU.ActiveCfg = Debug|Any CPU
		{0B05AFE2-42F2-4B7E-B919-3CD72C7B7960}.Debug|Any CPU.Build.0 = Debug|Any CPU
		{0B05AFE2-42F2-4B7E-B919-3CD72C7B7960}.Release|Any CPU.ActiveCfg = Release|Any CPU
		{0B05AFE2-42F2-4B7E-B919-3CD72C7B7960}.Release|Any CPU.Build.0 = Release|Any CPU
	EndGlobalSection
	GlobalSection(SolutionProperties) = preSolution
		HideSolutionNode = FALSE
	EndGlobalSection
	GlobalSection(ExtensibilityGlobals) = postSolution
		SolutionGuid = {4394967D-6934-4543-BE4A-6C894AFE6822}
	EndGlobalSection
EndGlobal
